
Microsoft Visual Studio Solution File, Format Version 12.00
# Visual Studio 15
VisualStudioVersion = 15.0.28307.106
MinimumVisualStudioVersion = 10.0.40219.1
Project("{FAE04EC0-301F-11D3-BF4B-00C04F79EFBC}") = "MVCWebApp", "MVCWebApp\MVCWebApp.csproj", "{26FDC884-BDEB-4CFC-BE22-C7E6DAE2613B}"
EndProject
Global
	GlobalSection(SolutionConfigurationPlatforms) = preSolution
		Debug|Any CPU = Debug|Any CPU
		Release|Any CPU = Release|Any CPU
	EndGlobalSection
	GlobalSection(ProjectConfigurationPlatforms) = postSolution
		{26FDC884-BDEB-4CFC-BE22-C7E6DAE2613B}.Debug|Any CPU.ActiveCfg = Debug|Any CPU
		{26FDC884-BDEB-4CFC-BE22-C7E6DAE2613B}.Debug|Any CPU.Build.0 = Debug|Any CPU
		{26FDC884-BDEB-4CFC-BE22-C7E6DAE2613B}.Release|Any CPU.ActiveCfg = Release|Any CPU
		{26FDC884-BDEB-4CFC-BE22-C7E6DAE2613B}.Release|Any CPU.Build.0 = Release|Any CPU
	EndGlobalSection
	GlobalSection(SolutionProperties) = preSolution
		HideSolutionNode = FALSE
	EndGlobalSection
	GlobalSection(ExtensibilityGlobals) = postSolution
		SolutionGuid = {1D1B5D65-8BA2-4208-976E-2FE6B2874DA2}
	EndGlobalSection
EndGlobal
